
Microsoft Visual Studio Solution File, Format Version 12.00
# Visual Studio Version 17
VisualStudioVersion = 17.7.34221.43
MinimumVisualStudioVersion = 10.0.40219.1
Project("{FAE04EC0-301F-11D3-BF4B-00C04F79EFBC}") = "prog3_kursach", "prog3_kursach.csproj", "{350BBB4D-3EDA-4872-81F5-E6BD75699A96}"
EndProject
Global
	GlobalSection(SolutionConfigurationPlatforms) = preSolution
		Debug|Any CPU = Debug|Any CPU
		Release|Any CPU = Release|Any CPU
	EndGlobalSection
	GlobalSection(ProjectConfigurationPlatforms) = postSolution
		{350BBB4D-3EDA-4872-81F5-E6BD75699A96}.Debug|Any CPU.ActiveCfg = Debug|Any CPU
		{350BBB4D-3EDA-4872-81F5-E6BD75699A96}.Debug|Any CPU.Build.0 = Debug|Any CPU
		{350BBB4D-3EDA-4872-81F5-E6BD75699A96}.Release|Any CPU.ActiveCfg = Release|Any CPU
		{350BBB4D-3EDA-4872-81F5-E6BD75699A96}.Release|Any CPU.Build.0 = Release|Any CPU
	EndGlobalSection
	GlobalSection(SolutionProperties) = preSolution
		HideSolutionNode = FALSE
	EndGlobalSection
	GlobalSection(ExtensibilityGlobals) = postSolution
		SolutionGuid = {AF3C1F47-5830-4544-8DB8-349DBE7EA822}
	EndGlobalSection
EndGlobal
